
Microsoft Visual Studio Solution File, Format Version 12.00
# Visual Studio Version 16
VisualStudioVersion = 16.0.28729.10
MinimumVisualStudioVersion = 10.0.40219.1
Project("{9A19103F-16F7-4668-BE54-9A1E7A4F7556}") = "TypeStream", "TypeStream\TypeStream.csproj", "{2F199FBA-3B0B-4E16-97AE-17FC490EE9BA}"
EndProject
Project("{9A19103F-16F7-4668-BE54-9A1E7A4F7556}") = "TypeStream.Json", "TypeStream.Json\TypeStream.Json.csproj", "{69A22C69-3AEE-45E1-8080-4797A769E6BB}"
EndProject
Project("{9A19103F-16F7-4668-BE54-9A1E7A4F7556}") = "TypeStream.Tests", "TypeStream.Tests\TypeStream.Tests.csproj", "{D0E302D0-5E1B-4F08-82E8-497B524EC443}"
EndProject
Project("{9A19103F-16F7-4668-BE54-9A1E7A4F7556}") = "TypeStream.Abstractions", "TypeStream.Abstractions\TypeStream.Abstractions.csproj", "{2E9FF540-E33E-47D6-8C3C-CB1A8BF4B7F4}"
EndProject
Project("{9A19103F-16F7-4668-BE54-9A1E7A4F7556}") = "TypeStream.MessagePack", "TypeStream.MessagePack\TypeStream.MessagePack.csproj", "{27099D04-DBF3-44FA-A893-D4CE087D2E91}"
EndProject
Project("{2150E333-8FDC-42A3-9474-1A3956D46DE8}") = "src", "src", "{4782AE6A-9F07-41FE-B90D-7B3DAB6B3543}"
EndProject
Global
	GlobalSection(SolutionConfigurationPlatforms) = preSolution
		Debug|Any CPU = Debug|Any CPU
		Release|Any CPU = Release|Any CPU
	EndGlobalSection
	GlobalSection(ProjectConfigurationPlatforms) = postSolution
		{2F199FBA-3B0B-4E16-97AE-17FC490EE9BA}.Debug|Any CPU.ActiveCfg = Debug|Any CPU
		{2F199FBA-3B0B-4E16-97AE-17FC490EE9BA}.Debug|Any CPU.Build.0 = Debug|Any CPU
		{2F199FBA-3B0B-4E16-97AE-17FC490EE9BA}.Release|Any CPU.ActiveCfg = Release|Any CPU
		{2F199FBA-3B0B-4E16-97AE-17FC490EE9BA}.Release|Any CPU.Build.0 = Release|Any CPU
		{69A22C69-3AEE-45E1-8080-4797A769E6BB}.Debug|Any CPU.ActiveCfg = Debug|Any CPU
		{69A22C69-3AEE-45E1-8080-4797A769E6BB}.Debug|Any CPU.Build.0 = Debug|Any CPU
		{69A22C69-3AEE-45E1-8080-4797A769E6BB}.Release|Any CPU.ActiveCfg = Release|Any CPU
		{69A22C69-3AEE-45E1-8080-4797A769E6BB}.Release|Any CPU.Build.0 = Release|Any CPU
		{D0E302D0-5E1B-4F08-82E8-497B524EC443}.Debug|Any CPU.ActiveCfg = Debug|Any CPU
		{D0E302D0-5E1B-4F08-82E8-497B524EC443}.Debug|Any CPU.Build.0 = Debug|Any CPU
		{D0E302D0-5E1B-4F08-82E8-497B524EC443}.Release|Any CPU.ActiveCfg = Release|Any CPU
		{D0E302D0-5E1B-4F08-82E8-497B524EC443}.Release|Any CPU.Build.0 = Release|Any CPU
		{2E9FF540-E33E-47D6-8C3C-CB1A8BF4B7F4}.Debug|Any CPU.ActiveCfg = Debug|Any CPU
		{2E9FF540-E33E-47D6-8C3C-CB1A8BF4B7F4}.Debug|Any CPU.Build.0 = Debug|Any CPU
		{2E9FF540-E33E-47D6-8C3C-CB1A8BF4B7F4}.Release|Any CPU.ActiveCfg = Release|Any CPU
		{2E9FF540-E33E-47D6-8C3C-CB1A8BF4B7F4}.Release|Any CPU.Build.0 = Release|Any CPU
		{27099D04-DBF3-44FA-A893-D4CE087D2E91}.Debug|Any CPU.ActiveCfg = Debug|Any CPU
		{27099D04-DBF3-44FA-A893-D4CE087D2E91}.Debug|Any CPU.Build.0 = Debug|Any CPU
		{27099D04-DBF3-44FA-A893-D4CE087D2E91}.Release|Any CPU.ActiveCfg = Release|Any CPU
		{27099D04-DBF3-44FA-A893-D4CE087D2E91}.Release|Any CPU.Build.0 = Release|Any CPU
	EndGlobalSection
	GlobalSection(SolutionProperties) = preSolution
		HideSolutionNode = FALSE
	EndGlobalSection
	GlobalSection(NestedProjects) = preSolution
		{2F199FBA-3B0B-4E16-97AE-17FC490EE9BA} = {4782AE6A-9F07-41FE-B90D-7B3DAB6B3543}
		{69A22C69-3AEE-45E1-8080-4797A769E6BB} = {4782AE6A-9F07-41FE-B90D-7B3DAB6B3543}
		{D0E302D0-5E1B-4F08-82E8-497B524EC443} = {4782AE6A-9F07-41FE-B90D-7B3DAB6B3543}
		{2E9FF540-E33E-47D6-8C3C-CB1A8BF4B7F4} = {4782AE6A-9F07-41FE-B90D-7B3DAB6B3543}
		{27099D04-DBF3-44FA-A893-D4CE087D2E91} = {4782AE6A-9F07-41FE-B90D-7B3DAB6B3543}
	EndGlobalSection
	GlobalSection(ExtensibilityGlobals) = postSolution
		SolutionGuid = {82E775C1-9E95-444A-B704-B9080EAB44C3}
	EndGlobalSection
EndGlobal
